
Microsoft Visual Studio Solution File, Format Version 12.00
# Visual Studio Version 16
VisualStudioVersion = 16.0.31911.196
MinimumVisualStudioVersion = 10.0.40219.1
Project("{FAE04EC0-301F-11D3-BF4B-00C04F79EFBC}") = "Spa", "Spa.csproj", "{1CDE3DD6-15A3-45B7-ACB0-9FF35F4CA870}"
EndProject
Global
	GlobalSection(SolutionConfigurationPlatforms) = preSolution
		Debug|Any CPU = Debug|Any CPU
		Release|Any CPU = Release|Any CPU
	EndGlobalSection
	GlobalSection(ProjectConfigurationPlatforms) = postSolution
		{1CDE3DD6-15A3-45B7-ACB0-9FF35F4CA870}.Debug|Any CPU.ActiveCfg = Debug|Any CPU
		{1CDE3DD6-15A3-45B7-ACB0-9FF35F4CA870}.Debug|Any CPU.Build.0 = Debug|Any CPU
		{1CDE3DD6-15A3-45B7-ACB0-9FF35F4CA870}.Release|Any CPU.ActiveCfg = Release|Any CPU
		{1CDE3DD6-15A3-45B7-ACB0-9FF35F4CA870}.Release|Any CPU.Build.0 = Release|Any CPU
	EndGlobalSection
	GlobalSection(SolutionProperties) = preSolution
		HideSolutionNode = FALSE
	EndGlobalSection
	GlobalSection(ExtensibilityGlobals) = postSolution
		SolutionGuid = {847D337A-9554-4FCE-ABD3-AAAE0A3D692E}
	EndGlobalSection
EndGlobal
